{
  "name": "nanobets",
  "version": "1.0.0",
  "lockfileVersion": 1,
  "requires": true,
  "dependencies": {
    "clientjs": {
      "version": "0.1.11",
      "resolved": "https://registry.npmjs.org/clientjs/-/clientjs-0.1.11.tgz",
      "integrity": "sha1-Rm4bE8Ipo8u9hIT5hTHc1lj4EFQ="
    },
    "webix": {
      "version": "7.2.0",
      "resolved": "https://registry.npmjs.org/webix/-/webix-7.2.0.tgz",
      "integrity": "sha512-guvhIzC8rlH9Xq2paFGdvHwYaXBEvIsr8+vSN3f2fJX+AVT9nCBEVYLbkvekugGiB+1c7pfYKUZsmZBeTJJaKg=="
    }
  }
}
